// !$*UTF8*$!
{
	archiveVersion = 1;
	classes = {
	};
	objectVersion = 50;
	objects = {

/* Begin PBXBuildFile section */
		F371A10A26946A6D0005EA5D /* AppDelegate.swift in Sources */ = {isa = PBXBuildFile; fileRef = F371A10926946A6D0005EA5D /* AppDelegate.swift */; };
		F371A10C26946A6D0005EA5D /* SceneDelegate.swift in Sources */ = {isa = PBXBuildFile; fileRef = F371A10B26946A6D0005EA5D /* SceneDelegate.swift */; };
		F371A10E26946A6D0005EA5D /* ViewController.swift in Sources */ = {isa = PBXBuildFile; fileRef = F371A10D26946A6D0005EA5D /* ViewController.swift */; };
		F371A11126946A6D0005EA5D /* Main.storyboard in Resources */ = {isa = PBXBuildFile; fileRef = F371A10F26946A6D0005EA5D /* Main.storyboard */; };
		F371A11326946A760005EA5D /* Assets.xcassets in Resources */ = {isa = PBXBuildFile; fileRef = F371A11226946A760005EA5D /* Assets.xcassets */; };
		F371A11626946A760005EA5D /* LaunchScreen.storyboard in Resources */ = {isa = PBXBuildFile; fileRef = F371A11426946A760005EA5D /* LaunchScreen.storyboard */; };
		F371A12126946A770005EA5D /* calendarTests.swift in Sources */ = {isa = PBXBuildFile; fileRef = F371A12026946A770005EA5D /* calendarTests.swift */; };
		F371A12C26946A770005EA5D /* calendarUITests.swift in Sources */ = {isa = PBXBuildFile; fileRef = F371A12B26946A770005EA5D /* calendarUITests.swift */; };
/* End PBXBuildFile section */

/* Begin PBXContainerItemProxy section */
		F371A11D26946A770005EA5D /* PBXContainerItemProxy */ = {
			isa = PBXContainerItemProxy;
			containerPortal = F371A0FE26946A6D0005EA5D /* Project object */;
			proxyType = 1;
			remoteGlobalIDString = F371A10526946A6D0005EA5D;
			remoteInfo = calendar;
		};
		F371A12826946A770005EA5D /* PBXContainerItemProxy */ = {
			isa = PBXContainerItemProxy;
			containerPortal = F371A0FE26946A6D0005EA5D /* Project object */;
			proxyType = 1;
			remoteGlobalIDString = F371A10526946A6D0005EA5D;
			remoteInfo = calendar;
		};
/* End PBXContainerItemProxy section */

/* Begin PBXFileReference section */
		F371A10626946A6D0005EA5D /* calendar.app */ = {isa = PBXFileReference; explicitFileType = wrapper.application; includeInIndex = 0; path = calendar.app; sourceTree = BUILT_PRODUCTS_DIR; };
		F371A10926946A6D0005EA5D /* AppDelegate.swift */ = {isa = PBXFileReference; lastKnownFileType = sourcecode.swift; path = AppDelegate.swift; sourceTree = "<group>"; };
		F371A10B26946A6D0005EA5D /* SceneDelegate.swift */ = {isa = PBXFileReference; lastKnownFileType = sourcecode.swift; path = SceneDelegate.swift; sourceTree = "<group>"; };
		F371A10D26946A6D0005EA5D /* ViewController.swift */ = {isa = PBXFileReference; lastKnownFileType = sourcecode.swift; path = ViewController.swift; sourceTree = "<group>"; };
		F371A11026946A6D0005EA5D /* Base */ = {isa = PBXFileReference; lastKnownFileType = file.storyboard; name = Base; path = Base.lproj/Main.storyboard; sourceTree = "<group>"; };
		F371A11226946A760005EA5D /* Assets.xcassets */ = {isa = PBXFileReference; lastKnownFileType = folder.assetcatalog; path = Assets.xcassets; sourceTree = "<group>"; };
		F371A11526946A760005EA5D /* Base */ = {isa = PBXFileReference; lastKnownFileType = file.storyboard; name = Base; path = Base.lproj/LaunchScreen.storyboard; sourceTree = "<group>"; };
		F371A11726946A760005EA5D /* Info.plist */ = {isa = PBXFileReference; lastKnownFileType = text.plist.xml; path = Info.plist; sourceTree = "<group>"; };
		F371A11C26946A770005EA5D /* calendarTests.xctest */ = {isa = PBXFileReference; explicitFileType = wrapper.cfbundle; includeInIndex = 0; path = calendarTests.xctest; sourceTree = BUILT_PRODUCTS_DIR; };
		F371A12026946A770005EA5D /* calendarTests.swift */ = {isa = PBXFileReference; lastKnownFileType = sourcecode.swift; path = calendarTests.swift; sourceTree = "<group>"; };
		F371A12226946A770005EA5D /* Info.plist */ = {isa = PBXFileReference; lastKnownFileType = text.plist.xml; path = Info.plist; sourceTree = "<group>"; };
		F371A12726946A770005EA5D /* calendarUITests.xctest */ = {isa = PBXFileReference; explicitFileType = wrapper.cfbundle; includeInIndex = 0; path = calendarUITests.xctest; sourceTree = BUILT_PRODUCTS_DIR; };
		F371A12B26946A770005EA5D /* calendarUITests.swift */ = {isa = PBXFileReference; lastKnownFileType = sourcecode.swift; path = calendarUITests.swift; sourceTree = "<group>"; };
		F371A12D26946A770005EA5D /* Info.plist */ = {isa = PBXFileReference; lastKnownFileType = text.plist.xml; path = Info.plist; sourceTree = "<group>"; };
/* End PBXFileReference section */

/* Begin PBXFrameworksBuildPhase section */
		F371A10326946A6D0005EA5D /* Frameworks */ = {
			isa = PBXFrameworksBuildPhase;
			buildActionMask = 2147483647;
			files = (
			);
			runOnlyForDeploymentPostprocessing = 0;
		};
		F371A11926946A770005EA5D /* Frameworks */ = {
			isa = PBXFrameworksBuildPhase;
			buildActionMask = 2147483647;
			files = (
			);
			runOnlyForDeploymentPostprocessing = 0;
		};
		F371A12426946A770005EA5D /* Frameworks */ = {
			isa = PBXFrameworksBuildPhase;
			buildActionMask = 2147483647;
			files = (
			);
			runOnlyForDeploymentPostprocessing = 0;
		};
/* End PBXFrameworksBuildPhase section */

/* Begin PBXGroup section */
		F371A0FD26946A6D0005EA5D = {
			isa = PBXGroup;
			children = (
				F371A10826946A6D0005EA5D /* calendar */,
				F371A11F26946A770005EA5D /* calendarTests */,
				F371A12A26946A770005EA5D /* calendarUITests */,
				F371A10726946A6D0005EA5D /* Products */,
			);
			sourceTree = "<group>";
		};
		F371A10726946A6D0005EA5D /* Products */ = {
			isa = PBXGroup;
			children = (
				F371A10626946A6D0005EA5D /* calendar.app */,
				F371A11C26946A770005EA5D /* calendarTests.xctest */,
				F371A12726946A770005EA5D /* calendarUITests.xctest */,
			);
			name = Products;
			sourceTree = "<group>";
		};
		F371A10826946A6D0005EA5D /* calendar */ = {
			isa = PBXGroup;
			children = (
				F371A10926946A6D0005EA5D /* AppDelegate.swift */,
				F371A10B26946A6D0005EA5D /* SceneDelegate.swift */,
				F371A10D26946A6D0005EA5D /* ViewController.swift */,
				F371A10F26946A6D0005EA5D /* Main.storyboard */,
				F371A11226946A760005EA5D /* Assets.xcassets */,
				F371A11426946A760005EA5D /* LaunchScreen.storyboard */,
				F371A11726946A760005EA5D /* Info.plist */,
			);
			path = calendar;
			sourceTree = "<group>";
		};
		F371A11F26946A770005EA5D /* calendarTests */ = {
			isa = PBXGroup;
			children = (
				F371A12026946A770005EA5D /* calendarTests.swift */,
				F371A12226946A770005EA5D /* Info.plist */,
			);
			path = calendarTests;
			sourceTree = "<group>";
		};
		F371A12A26946A770005EA5D /* calendarUITests */ = {
			isa = PBXGroup;
			children = (
				F371A12B26946A770005EA5D /* calendarUITests.swift */,
				F371A12D26946A770005EA5D /* Info.plist */,
			);
			path = calendarUITests;
			sourceTree = "<group>";
		};
/* End PBXGroup section */

/* Begin PBXNativeTarget section */
		F371A10526946A6D0005EA5D /* calendar */ = {
			isa = PBXNativeTarget;
			buildConfigurationList = F371A13026946A770005EA5D /* Build configuration list for PBXNativeTarget "calendar" */;
			buildPhases = (
				F371A10226946A6D0005EA5D /* Sources */,
				F371A10326946A6D0005EA5D /* Frameworks */,
				F371A10426946A6D0005EA5D /* Resources */,
			);
			buildRules = (
			);
			dependencies = (
			);
			name = calendar;
			productName = calendar;
			productReference = F371A10626946A6D0005EA5D /* calendar.app */;
			productType = "com.apple.product-type.application";
		};
		F371A11B26946A770005EA5D /* calendarTests */ = {
			isa = PBXNativeTarget;
			buildConfigurationList = F371A13326946A770005EA5D /* Build configuration list for PBXNativeTarget "calendarTests" */;
			buildPhases = (
				F371A11826946A770005EA5D /* Sources */,
				F371A11926946A770005EA5D /* Frameworks */,
				F371A11A26946A770005EA5D /* Resources */,
			);
			buildRules = (
			);
			dependencies = (
				F371A11E26946A770005EA5D /* PBXTargetDependency */,
			);
			name = calendarTests;
			productName = calendarTests;
			productReference = F371A11C26946A770005EA5D /* calendarTests.xctest */;
			productType = "com.apple.product-type.bundle.unit-test";
		};
		F371A12626946A770005EA5D /* calendarUITests */ = {
			isa = PBXNativeTarget;
			buildConfigurationList = F371A13626946A770005EA5D /* Build configuration list for PBXNativeTarget "calendarUITests" */;
			buildPhases = (
				F371A12326946A770005EA5D /* Sources */,
				F371A12426946A770005EA5D /* Frameworks */,
				F371A12526946A770005EA5D /* Resources */,
			);
			buildRules = (
			);
			dependencies = (
				F371A12926946A770005EA5D /* PBXTargetDependency */,
			);
			name = calendarUITests;
			productName = calendarUITests;
			productReference = F371A12726946A770005EA5D /* calendarUITests.xctest */;
			productType = "com.apple.product-type.bundle.ui-testing";
		};
/* End PBXNativeTarget section */

/* Begin PBXProject section */
		F371A0FE26946A6D0005EA5D /* Project object */ = {
			isa = PBXProject;
			attributes = {
				LastSwiftUpdateCheck = 1220;
				LastUpgradeCheck = 1220;
				TargetAttributes = {
					F371A10526946A6D0005EA5D = {
						CreatedOnToolsVersion = 12.2;
					};
					F371A11B26946A770005EA5D = {
						CreatedOnToolsVersion = 12.2;
						TestTargetID = F371A10526946A6D0005EA5D;
					};
					F371A12626946A770005EA5D = {
						CreatedOnToolsVersion = 12.2;
						TestTargetID = F371A10526946A6D0005EA5D;
					};
				};
			};
			buildConfigurationList = F371A10126946A6D0005EA5D /* Build configuration list for PBXProject "calendar" */;
			compatibilityVersion = "Xcode 9.3";
			developmentRegion = en;
			hasScannedForEncodings = 0;
			knownRegions = (
				en,
				Base,
			);
			mainGroup = F371A0FD26946A6D0005EA5D;
			productRefGroup = F371A10726946A6D0005EA5D /* Products */;
			projectDirPath = "";
			projectRoot = "";
			targets = (
				F371A10526946A6D0005EA5D /* calendar */,
				F371A11B26946A770005EA5D /* calendarTests */,
				F371A12626946A770005EA5D /* calendarUITests */,
			);
		};
/* End PBXProject section */

/* Begin PBXResourcesBuildPhase section */
		F371A10426946A6D0005EA5D /* Resources */ = {
			isa = PBXResourcesBuildPhase;
			buildActionMask = 2147483647;
			files = (
				F371A11626946A760005EA5D /* LaunchScreen.storyboard in Resources */,
				F371A11326946A760005EA5D /* Assets.xcassets in Resources */,
				F371A11126946A6D0005EA5D /* Main.storyboard in Resources */,
			);
			runOnlyForDeploymentPostprocessing = 0;
		};
		F371A11A26946A770005EA5D /* Resources */ = {
			isa = PBXResourcesBuildPhase;
			buildActionMask = 2147483647;
			files = (
			);
			runOnlyForDeploymentPostprocessing = 0;
		};
		F371A12526946A770005EA5D /* Resources */ = {
			isa = PBXResourcesBuildPhase;
			buildActionMask = 2147483647;
			files = (
			);
			runOnlyForDeploymentPostprocessing = 0;
		};
/* End PBXResourcesBuildPhase section */

/* Begin PBXSourcesBuildPhase section */
		F371A10226946A6D0005EA5D /* Sources */ = {
			isa = PBXSourcesBuildPhase;
			buildActionMask = 2147483647;
			files = (
				F371A10E26946A6D0005EA5D /* ViewController.swift in Sources */,
				F371A10A26946A6D0005EA5D /* AppDelegate.swift in Sources */,
				F371A10C26946A6D0005EA5D /* SceneDelegate.swift in Sources */,
			);
			runOnlyForDeploymentPostprocessing = 0;
		};
		F371A11826946A770005EA5D /* Sources */ = {
			isa = PBXSourcesBuildPhase;
			buildActionMask = 2147483647;
			files = (
				F371A12126946A770005EA5D /* calendarTests.swift in Sources */,
			);
			runOnlyForDeploymentPostprocessing = 0;
		};
		F371A12326946A770005EA5D /* Sources */ = {
			isa = PBXSourcesBuildPhase;
			buildActionMask = 2147483647;
			files = (
				F371A12C26946A770005EA5D /* calendarUITests.swift in Sources */,
			);
			runOnlyForDeploymentPostprocessing = 0;
		};
/* End PBXSourcesBuildPhase section */

/* Begin PBXTargetDependency section */
		F371A11E26946A770005EA5D /* PBXTargetDependency */ = {
			isa = PBXTargetDependency;
			target = F371A10526946A6D0005EA5D /* calendar */;
			targetProxy = F371A11D26946A770005EA5D /* PBXContainerItemProxy */;
		};
		F371A12926946A770005EA5D /* PBXTargetDependency */ = {
			isa = PBXTargetDependency;
			target = F371A10526946A6D0005EA5D /* calendar */;
			targetProxy = F371A12826946A770005EA5D /* PBXContainerItemProxy */;
		};
/* End PBXTargetDependency section */

/* Begin PBXVariantGroup section */
		F371A10F26946A6D0005EA5D /* Main.storyboard */ = {
			isa = PBXVariantGroup;
			children = (
				F371A11026946A6D0005EA5D /* Base */,
			);
			name = Main.storyboard;
			sourceTree = "<group>";
		};
		F371A11426946A760005EA5D /* LaunchScreen.storyboard */ = {
			isa = PBXVariantGroup;
			children = (
				F371A11526946A760005EA5D /* Base */,
			);
			name = LaunchScreen.storyboard;
			sourceTree = "<group>";
		};
/* End PBXVariantGroup section */

/* Begin XCBuildConfiguration section */
		F371A12E26946A770005EA5D /* Debug */ = {
			isa = XCBuildConfiguration;
			buildSettings = {
				ALWAYS_SEARCH_USER_PATHS = NO;
				CLANG_ANALYZER_NONNULL = YES;
				CLANG_ANALYZER_NUMBER_OBJECT_CONVERSION = YES_AGGRESSIVE;
				CLANG_CXX_LANGUAGE_STANDARD = "gnu++14";
				CLANG_CXX_LIBRARY = "libc++";
				CLANG_ENABLE_MODULES = YES;
				CLANG_ENABLE_OBJC_ARC = YES;
				CLANG_ENABLE_OBJC_WEAK = YES;
				CLANG_WARN_BLOCK_CAPTURE_AUTORELEASING = YES;
				CLANG_WARN_BOOL_CONVERSION = YES;
				CLANG_WARN_COMMA = YES;
				CLANG_WARN_CONSTANT_CONVERSION = YES;
				CLANG_WARN_DEPRECATED_OBJC_IMPLEMENTATIONS = YES;
				CLANG_WARN_DIRECT_OBJC_ISA_USAGE = YES_ERROR;
				CLANG_WARN_DOCUMENTATION_COMMENTS = YES;
				CLANG_WARN_EMPTY_BODY = YES;
				CLANG_WARN_ENUM_CONVERSION = YES;
				CLANG_WARN_INFINITE_RECURSION = YES;
				CLANG_WARN_INT_CONVERSION = YES;
				CLANG_WARN_NON_LITERAL_NULL_CONVERSION = YES;
				CLANG_WARN_OBJC_IMPLICIT_RETAIN_SELF = YES;
				CLANG_WARN_OBJC_LITERAL_CONVERSION = YES;
				CLANG_WARN_OBJC_ROOT_CLASS = YES_ERROR;
				CLANG_WARN_QUOTED_INCLUDE_IN_FRAMEWORK_HEADER = YES;
				CLANG_WARN_RANGE_LOOP_ANALYSIS = YES;
				CLANG_WARN_STRICT_PROTOTYPES = YES;
				CLANG_WARN_SUSPICIOUS_MOVE = YES;
				CLANG_WARN_UNGUARDED_AVAILABILITY = YES_AGGRESSIVE;
				CLANG_WARN_UNREACHABLE_CODE = YES;
				CLANG_WARN__DUPLICATE_METHOD_MATCH = YES;
				COPY_PHASE_STRIP = NO;
				DEBUG_INFORMATION_FORMAT = dwarf;
				ENABLE_STRICT_OBJC_MSGSEND = YES;
				ENABLE_TESTABILITY = YES;
				GCC_C_LANGUAGE_STANDARD = gnu11;
				GCC_DYNAMIC_NO_PIC = NO;
				GCC_NO_COMMON_BLOCKS = YES;
				GCC_OPTIMIZATION_LEVEL = 0;
				GCC_PREPROCESSOR_DEFINITIONS = (
					"DEBUG=1",
					"$(inherited)",
				);
				GCC_WARN_64_TO_32_BIT_CONVERSION = YES;
				GCC_WARN_ABOUT_RETURN_TYPE = YES_ERROR;
				GCC_WARN_UNDECLARED_SELECTOR = YES;
				GCC_WARN_UNINITIALIZED_AUTOS = YES_AGGRESSIVE;
				GCC_WARN_UNUSED_FUNCTION = YES;
				GCC_WARN_UNUSED_VARIABLE = YES;
				IPHONEOS_DEPLOYMENT_TARGET = 14.2;
				MTL_ENABLE_DEBUG_INFO = INCLUDE_SOURCE;
				MTL_FAST_MATH = YES;
				ONLY_ACTIVE_ARCH = YES;
				SDKROOT = iphoneos;
				SWIFT_ACTIVE_COMPILATION_CONDITIONS = DEBUG;
				SWIFT_OPTIMIZATION_LEVEL = "-Onone";
			};
			name = Debug;
		};
		F371A12F26946A770005EA5D /* Release */ = {
			isa = XCBuildConfiguration;
			buildSettings = {
				ALWAYS_SEARCH_USER_PATHS = NO;
				CLANG_ANALYZER_NONNULL = YES;
				CLANG_ANALYZER_NUMBER_OBJECT_CONVERSION = YES_AGGRESSIVE;
				CLANG_CXX_LANGUAGE_STANDARD = "gnu++14";
				CLANG_CXX_LIBRARY = "libc++";
				CLANG_ENABLE_MODULES = YES;
				CLANG_ENABLE_OBJC_ARC = YES;
				CLANG_ENABLE_OBJC_WEAK = YES;
				CLANG_WARN_BLOCK_CAPTURE_AUTORELEASING = YES;
				CLANG_WARN_BOOL_CONVERSION = YES;
				CLANG_WARN_COMMA = YES;
				CLANG_WARN_CONSTANT_CONVERSION = YES;
				CLANG_WARN_DEPRECATED_OBJC_IMPLEMENTATIONS = YES;
				CLANG_WARN_DIRECT_OBJC_ISA_USAGE = YES_ERROR;
				CLANG_WARN_DOCUMENTATION_COMMENTS = YES;
				CLANG_WARN_EMPTY_BODY = YES;
				CLANG_WARN_ENUM_CONVERSION = YES;
				CLANG_WARN_INFINITE_RECURSION = YES;
				CLANG_WARN_INT_CONVERSION = YES;
				CLANG_WARN_NON_LITERAL_NULL_CONVERSION = YES;
				CLANG_WARN_OBJC_IMPLICIT_RETAIN_SELF = YES;
				CLANG_WARN_OBJC_LITERAL_CONVERSION = YES;
				CLANG_WARN_OBJC_ROOT_CLASS = YES_ERROR;
				CLANG_WARN_QUOTED_INCLUDE_IN_FRAMEWORK_HEADER = YES;
				CLANG_WARN_RANGE_LOOP_ANALYSIS = YES;
				CLANG_WARN_STRICT_PROTOTYPES = YES;
				CLANG_WARN_SUSPICIOUS_MOVE = YES;
				CLANG_WARN_UNGUARDED_AVAILABILITY = YES_AGGRESSIVE;
				CLANG_WARN_UNREACHABLE_CODE = YES;
				CLANG_WARN__DUPLICATE_METHOD_MATCH = YES;
				COPY_PHASE_STRIP = NO;
				DEBUG_INFORMATION_FORMAT = "dwarf-with-dsym";
				ENABLE_NS_ASSERTIONS = NO;
				ENABLE_STRICT_OBJC_MSGSEND = YES;
				GCC_C_LANGUAGE_STANDARD = gnu11;
				GCC_NO_COMMON_BLOCKS = YES;
				GCC_WARN_64_TO_32_BIT_CONVERSION = YES;
				GCC_WARN_ABOUT_RETURN_TYPE = YES_ERROR;
				GCC_WARN_UNDECLARED_SELECTOR = YES;
				GCC_WARN_UNINITIALIZED_AUTOS = YES_AGGRESSIVE;
				GCC_WARN_UNUSED_FUNCTION = YES;
				GCC_WARN_UNUSED_VARIABLE = YES;
				IPHONEOS_DEPLOYMENT_TARGET = 14.2;
				MTL_ENABLE_DEBUG_INFO = NO;
				MTL_FAST_MATH = YES;
				SDKROOT = iphoneos;
				SWIFT_COMPILATION_MODE = wholemodule;
				SWIFT_OPTIMIZATION_LEVEL = "-O";
				VALIDATE_PRODUCT = YES;
			};
			name = Release;
		};
		F371A13126946A770005EA5D /* Debug */ = {
			isa = XCBuildConfiguration;
			buildSettings = {
				ASSETCATALOG_COMPILER_APPICON_NAME = AppIcon;
				ASSETCATALOG_COMPILER_GLOBAL_ACCENT_COLOR_NAME = AccentColor;
				CODE_SIGN_STYLE = Automatic;
				INFOPLIST_FILE = calendar/Info.plist;
				LD_RUNPATH_SEARCH_PATHS = (
					"$(inherited)",
					"@executable_path/Frameworks",
				);
				PRODUCT_BUNDLE_IDENTIFIER = app.harada.erena.calendar;
				PRODUCT_NAME = "$(TARGET_NAME)";
				SWIFT_VERSION = 5.0;
				TARGETED_DEVICE_FAMILY = "1,2";
			};
			name = Debug;
		};
		F371A13226946A770005EA5D /* Release */ = {
			isa = XCBuildConfiguration;
			buildSettings = {
				ASSETCATALOG_COMPILER_APPICON_NAME = AppIcon;
				ASSETCATALOG_COMPILER_GLOBAL_ACCENT_COLOR_NAME = AccentColor;
				CODE_SIGN_STYLE = Automatic;
				INFOPLIST_FILE = calendar/Info.plist;
				LD_RUNPATH_SEARCH_PATHS = (
					"$(inherited)",
					"@executable_path/Frameworks",
				);
				PRODUCT_BUNDLE_IDENTIFIER = app.harada.erena.calendar;
				PRODUCT_NAME = "$(TARGET_NAME)";
				SWIFT_VERSION = 5.0;
				TARGETED_DEVICE_FAMILY = "1,2";
			};
			name = Release;
		};
		F371A13426946A770005EA5D /* Debug */ = {
			isa = XCBuildConfiguration;
			buildSettings = {
				ALWAYS_EMBED_SWIFT_STANDARD_LIBRARIES = YES;
				BUNDLE_LOADER = "$(TEST_HOST)";
				CODE_SIGN_STYLE = Automatic;
				INFOPLIST_FILE = calendarTests/Info.plist;
				IPHONEOS_DEPLOYMENT_TARGET = 14.2;
				LD_RUNPATH_SEARCH_PATHS = (
					"$(inherited)",
					"@executable_path/Frameworks",
					"@loader_path/Frameworks",
				);
				PRODUCT_BUNDLE_IDENTIFIER = app.harada.erena.calendarTests;
				PRODUCT_NAME = "$(TARGET_NAME)";
				SWIFT_VERSION = 5.0;
				TARGETED_DEVICE_FAMILY = "1,2";
				TEST_HOST = "$(BUILT_PRODUCTS_DIR)/calendar.app/calendar";
			};
			name = Debug;
		};
		F371A13526946A770005EA5D /* Release */ = {
			isa = XCBuildConfiguration;
			buildSettings = {
				ALWAYS_EMBED_SWIFT_STANDARD_LIBRARIES = YES;
				BUNDLE_LOADER = "$(TEST_HOST)";
				CODE_SIGN_STYLE = Automatic;
				INFOPLIST_FILE = calendarTests/Info.plist;
				IPHONEOS_DEPLOYMENT_TARGET = 14.2;
				LD_RUNPATH_SEARCH_PATHS = (
					"$(inherited)",
					"@executable_path/Frameworks",
					"@loader_path/Frameworks",
				);
				PRODUCT_BUNDLE_IDENTIFIER = app.harada.erena.calendarTests;
				PRODUCT_NAME = "$(TARGET_NAME)";
				SWIFT_VERSION = 5.0;
				TARGETED_DEVICE_FAMILY = "1,2";
				TEST_HOST = "$(BUILT_PRODUCTS_DIR)/calendar.app/calendar";
			};
			name = Release;
		};
		F371A13726946A770005EA5D /* Debug */ = {
			isa = XCBuildConfiguration;
			buildSettings = {
				ALWAYS_EMBED_SWIFT_STANDARD_LIBRARIES = YES;
				CODE_SIGN_STYLE = Automatic;
				INFOPLIST_FILE = calendarUITests/Info.plist;
				LD_RUNPATH_SEARCH_PATHS = (
					"$(inherited)",
					"@executable_path/Frameworks",
					"@loader_path/Frameworks",
				);
				PRODUCT_BUNDLE_IDENTIFIER = app.harada.erena.calendarUITests;
				PRODUCT_NAME = "$(TARGET_NAME)";
				SWIFT_VERSION = 5.0;
				TARGETED_DEVICE_FAMILY = "1,2";
				TEST_TARGET_NAME = calendar;
			};
			name = Debug;
		};
		F371A13826946A770005EA5D /* Release */ = {
			isa = XCBuildConfiguration;
			buildSettings = {
				ALWAYS_EMBED_SWIFT_STANDARD_LIBRARIES = YES;
				CODE_SIGN_STYLE = Automatic;
				INFOPLIST_FILE = calendarUITests/Info.plist;
				LD_RUNPATH_SEARCH_PATHS = (
					"$(inherited)",
					"@executable_path/Frameworks",
					"@loader_path/Frameworks",
				);
				PRODUCT_BUNDLE_IDENTIFIER = app.harada.erena.calendarUITests;
				PRODUCT_NAME = "$(TARGET_NAME)";
				SWIFT_VERSION = 5.0;
				TARGETED_DEVICE_FAMILY = "1,2";
				TEST_TARGET_NAME = calendar;
			};
			name = Release;
		};
/* End XCBuildConfiguration section */

/* Begin XCConfigurationList section */
		F371A10126946A6D0005EA5D /* Build configuration list for PBXProject "calendar" */ = {
			isa = XCConfigurationList;
			buildConfigurations = (
				F371A12E26946A770005EA5D /* Debug */,
				F371A12F26946A770005EA5D /* Release */,
			);
			defaultConfigurationIsVisible = 0;
			defaultConfigurationName = Release;
		};
		F371A13026946A770005EA5D /* Build configuration list for PBXNativeTarget "calendar" */ = {
			isa = XCConfigurationList;
			buildConfigurations = (
				F371A13126946A770005EA5D /* Debug */,
				F371A13226946A770005EA5D /* Release */,
			);
			defaultConfigurationIsVisible = 0;
			defaultConfigurationName = Release;
		};
		F371A13326946A770005EA5D /* Build configuration list for PBXNativeTarget "calendarTests" */ = {
			isa = XCConfigurationList;
			buildConfigurations = (
				F371A13426946A770005EA5D /* Debug */,
				F371A13526946A770005EA5D /* Release */,
			);
			defaultConfigurationIsVisible = 0;
			defaultConfigurationName = Release;
		};
		F371A13626946A770005EA5D /* Build configuration list for PBXNativeTarget "calendarUITests" */ = {
			isa = XCConfigurationList;
			buildConfigurations = (
				F371A13726946A770005EA5D /* Debug */,
				F371A13826946A770005EA5D /* Release */,
			);
			defaultConfigurationIsVisible = 0;
			defaultConfigurationName = Release;
		};
/* End XCConfigurationList section */
	};
	rootObject = F371A0FE26946A6D0005EA5D /* Project object */;
}
